
Microsoft Visual Studio Solution File, Format Version 12.00
# Visual Studio Version 17
VisualStudioVersion = 17.8.34408.163
MinimumVisualStudioVersion = 10.0.40219.1
Project("{FAE04EC0-301F-11D3-BF4B-00C04F79EFBC}") = "TankBattles", "TankBattles.csproj", "{54C01A61-9FEF-4DBF-9B0C-C0CD8C686063}"
EndProject
Global
	GlobalSection(SolutionConfigurationPlatforms) = preSolution
		Debug|Any CPU = Debug|Any CPU
		Release|Any CPU = Release|Any CPU
	EndGlobalSection
	GlobalSection(ProjectConfigurationPlatforms) = postSolution
		{54C01A61-9FEF-4DBF-9B0C-C0CD8C686063}.Debug|Any CPU.ActiveCfg = Debug|Any CPU
		{54C01A61-9FEF-4DBF-9B0C-C0CD8C686063}.Debug|Any CPU.Build.0 = Debug|Any CPU
		{54C01A61-9FEF-4DBF-9B0C-C0CD8C686063}.Release|Any CPU.ActiveCfg = Release|Any CPU
		{54C01A61-9FEF-4DBF-9B0C-C0CD8C686063}.Release|Any CPU.Build.0 = Release|Any CPU
	EndGlobalSection
	GlobalSection(SolutionProperties) = preSolution
		HideSolutionNode = FALSE
	EndGlobalSection
	GlobalSection(ExtensibilityGlobals) = postSolution
		SolutionGuid = {FBB560D3-A04D-4F9A-9CC7-4FF5F3201A3B}
	EndGlobalSection
EndGlobal
